
Microsoft Visual Studio Solution File, Format Version 12.00
# Visual Studio Version 16
VisualStudioVersion = 16.0.30225.117
MinimumVisualStudioVersion = 10.0.40219.1
Project("{9A19103F-16F7-4668-BE54-9A1E7A4F7556}") = "AzureSDK", "AzureSDK\AzureSDK.csproj", "{745D7D86-B328-4219-9DF6-7DE93A9829C6}"
EndProject
Global
	GlobalSection(SolutionConfigurationPlatforms) = preSolution
		Debug|Any CPU = Debug|Any CPU
		Release|Any CPU = Release|Any CPU
	EndGlobalSection
	GlobalSection(ProjectConfigurationPlatforms) = postSolution
		{745D7D86-B328-4219-9DF6-7DE93A9829C6}.Debug|Any CPU.ActiveCfg = Debug|Any CPU
		{745D7D86-B328-4219-9DF6-7DE93A9829C6}.Debug|Any CPU.Build.0 = Debug|Any CPU
		{745D7D86-B328-4219-9DF6-7DE93A9829C6}.Release|Any CPU.ActiveCfg = Release|Any CPU
		{745D7D86-B328-4219-9DF6-7DE93A9829C6}.Release|Any CPU.Build.0 = Release|Any CPU
	EndGlobalSection
	GlobalSection(SolutionProperties) = preSolution
		HideSolutionNode = FALSE
	EndGlobalSection
	GlobalSection(ExtensibilityGlobals) = postSolution
		SolutionGuid = {F490126E-6BAD-4C85-9EE4-619BF42731C9}
	EndGlobalSection
EndGlobal
